
Microsoft Visual Studio Solution File, Format Version 12.00
# Visual Studio Version 16
VisualStudioVersion = 16.0.31624.102
MinimumVisualStudioVersion = 10.0.40219.1
Project("{FAE04EC0-301F-11D3-BF4B-00C04F79EFBC}") = "GitUpdateTest", "GitUpdateTest\GitUpdateTest.csproj", "{D6F19B97-FEEE-4AB2-8FB7-5387E5060DF5}"
EndProject
Global
	GlobalSection(SolutionConfigurationPlatforms) = preSolution
		Debug|Any CPU = Debug|Any CPU
		Release|Any CPU = Release|Any CPU
	EndGlobalSection
	GlobalSection(ProjectConfigurationPlatforms) = postSolution
		{D6F19B97-FEEE-4AB2-8FB7-5387E5060DF5}.Debug|Any CPU.ActiveCfg = Debug|Any CPU
		{D6F19B97-FEEE-4AB2-8FB7-5387E5060DF5}.Debug|Any CPU.Build.0 = Debug|Any CPU
		{D6F19B97-FEEE-4AB2-8FB7-5387E5060DF5}.Release|Any CPU.ActiveCfg = Release|Any CPU
		{D6F19B97-FEEE-4AB2-8FB7-5387E5060DF5}.Release|Any CPU.Build.0 = Release|Any CPU
	EndGlobalSection
	GlobalSection(SolutionProperties) = preSolution
		HideSolutionNode = FALSE
	EndGlobalSection
	GlobalSection(ExtensibilityGlobals) = postSolution
		SolutionGuid = {A07D7442-4357-4BB7-BA67-FB8E7DE5BDB0}
	EndGlobalSection
EndGlobal
